// !$*UTF8*$!
{
	archiveVersion = 1;
	classes = {
	};
	objectVersion = 55;
	objects = {

/* Begin PBXBuildFile section */
		186102F0289E4884002001C0 /* AppDelegate.swift in Sources */ = {isa = PBXBuildFile; fileRef = 186102EF289E4884002001C0 /* AppDelegate.swift */; };
		186102F2289E4884002001C0 /* SceneDelegate.swift in Sources */ = {isa = PBXBuildFile; fileRef = 186102F1289E4884002001C0 /* SceneDelegate.swift */; };
		186102F4289E4884002001C0 /* ViewController.swift in Sources */ = {isa = PBXBuildFile; fileRef = 186102F3289E4884002001C0 /* ViewController.swift */; };
		186102F7289E4884002001C0 /* Main.storyboard in Resources */ = {isa = PBXBuildFile; fileRef = 186102F5289E4884002001C0 /* Main.storyboard */; };
		186102F9289E4889002001C0 /* Assets.xcassets in Resources */ = {isa = PBXBuildFile; fileRef = 186102F8289E4889002001C0 /* Assets.xcassets */; };
		186102FC289E4889002001C0 /* LaunchScreen.storyboard in Resources */ = {isa = PBXBuildFile; fileRef = 186102FA289E4889002001C0 /* LaunchScreen.storyboard */; };
		18610306289FDD29002001C0 /* ViewController2.swift in Sources */ = {isa = PBXBuildFile; fileRef = 18610305289FDD29002001C0 /* ViewController2.swift */; };
		1861030828A1327A002001C0 /* ViewController3.swift in Sources */ = {isa = PBXBuildFile; fileRef = 1861030728A1327A002001C0 /* ViewController3.swift */; };
		1861030E28A14AE2002001C0 /* TableViewController.swift in Sources */ = {isa = PBXBuildFile; fileRef = 1861030D28A14AE2002001C0 /* TableViewController.swift */; };
		1861031228A15215002001C0 /* TViewController2.swift in Sources */ = {isa = PBXBuildFile; fileRef = 1861031128A15215002001C0 /* TViewController2.swift */; };
		1861031428A15243002001C0 /* TViewController1.swift in Sources */ = {isa = PBXBuildFile; fileRef = 1861031328A15243002001C0 /* TViewController1.swift */; };
		1861031828A15837002001C0 /* TBViewController2.swift in Sources */ = {isa = PBXBuildFile; fileRef = 1861031728A15837002001C0 /* TBViewController2.swift */; };
		1861031A28A15845002001C0 /* TBViewController3.swift in Sources */ = {isa = PBXBuildFile; fileRef = 1861031928A15845002001C0 /* TBViewController3.swift */; };
		1861031C28A1585B002001C0 /* TBViewController1.swift in Sources */ = {isa = PBXBuildFile; fileRef = 1861031B28A1585B002001C0 /* TBViewController1.swift */; };
/* End PBXBuildFile section */

/* Begin PBXFileReference section */
		186102EC289E4884002001C0 /* FirstProject.app */ = {isa = PBXFileReference; explicitFileType = wrapper.application; includeInIndex = 0; path = FirstProject.app; sourceTree = BUILT_PRODUCTS_DIR; };
		186102EF289E4884002001C0 /* AppDelegate.swift */ = {isa = PBXFileReference; lastKnownFileType = sourcecode.swift; path = AppDelegate.swift; sourceTree = "<group>"; };
		186102F1289E4884002001C0 /* SceneDelegate.swift */ = {isa = PBXFileReference; lastKnownFileType = sourcecode.swift; path = SceneDelegate.swift; sourceTree = "<group>"; };
		186102F3289E4884002001C0 /* ViewController.swift */ = {isa = PBXFileReference; lastKnownFileType = sourcecode.swift; path = ViewController.swift; sourceTree = "<group>"; };
		186102F6289E4884002001C0 /* Base */ = {isa = PBXFileReference; lastKnownFileType = file.storyboard; name = Base; path = Base.lproj/Main.storyboard; sourceTree = "<group>"; };
		186102F8289E4889002001C0 /* Assets.xcassets */ = {isa = PBXFileReference; lastKnownFileType = folder.assetcatalog; path = Assets.xcassets; sourceTree = "<group>"; };
		186102FB289E4889002001C0 /* Base */ = {isa = PBXFileReference; lastKnownFileType = file.storyboard; name = Base; path = Base.lproj/LaunchScreen.storyboard; sourceTree = "<group>"; };
		186102FD289E4889002001C0 /* Info.plist */ = {isa = PBXFileReference; lastKnownFileType = text.plist.xml; path = Info.plist; sourceTree = "<group>"; };
		18610305289FDD29002001C0 /* ViewController2.swift */ = {isa = PBXFileReference; lastKnownFileType = sourcecode.swift; path = ViewController2.swift; sourceTree = "<group>"; };
		1861030728A1327A002001C0 /* ViewController3.swift */ = {isa = PBXFileReference; lastKnownFileType = sourcecode.swift; path = ViewController3.swift; sourceTree = "<group>"; };
		1861030D28A14AE2002001C0 /* TableViewController.swift */ = {isa = PBXFileReference; lastKnownFileType = sourcecode.swift; name = TableViewController.swift; path = ../TableViewController.swift; sourceTree = "<group>"; };
		1861031128A15215002001C0 /* TViewController2.swift */ = {isa = PBXFileReference; lastKnownFileType = sourcecode.swift; path = TViewController2.swift; sourceTree = "<group>"; };
		1861031328A15243002001C0 /* TViewController1.swift */ = {isa = PBXFileReference; lastKnownFileType = sourcecode.swift; path = TViewController1.swift; sourceTree = "<group>"; };
		1861031728A15837002001C0 /* TBViewController2.swift */ = {isa = PBXFileReference; lastKnownFileType = sourcecode.swift; path = TBViewController2.swift; sourceTree = "<group>"; };
		1861031928A15845002001C0 /* TBViewController3.swift */ = {isa = PBXFileReference; lastKnownFileType = sourcecode.swift; path = TBViewController3.swift; sourceTree = "<group>"; };
		1861031B28A1585B002001C0 /* TBViewController1.swift */ = {isa = PBXFileReference; lastKnownFileType = sourcecode.swift; path = TBViewController1.swift; sourceTree = "<group>"; };
/* End PBXFileReference section */

/* Begin PBXFrameworksBuildPhase section */
		186102E9289E4884002001C0 /* Frameworks */ = {
			isa = PBXFrameworksBuildPhase;
			buildActionMask = 2147483647;
			files = (
			);
			runOnlyForDeploymentPostprocessing = 0;
		};
/* End PBXFrameworksBuildPhase section */

/* Begin PBXGroup section */
		186102E3289E4884002001C0 = {
			isa = PBXGroup;
			children = (
				186102EE289E4884002001C0 /* FirstProject */,
				186102ED289E4884002001C0 /* Products */,
			);
			sourceTree = "<group>";
		};
		186102ED289E4884002001C0 /* Products */ = {
			isa = PBXGroup;
			children = (
				186102EC289E4884002001C0 /* FirstProject.app */,
			);
			name = Products;
			sourceTree = "<group>";
		};
		186102EE289E4884002001C0 /* FirstProject */ = {
			isa = PBXGroup;
			children = (
				1861030D28A14AE2002001C0 /* TableViewController.swift */,
				186102EF289E4884002001C0 /* AppDelegate.swift */,
				186102F1289E4884002001C0 /* SceneDelegate.swift */,
				186102F3289E4884002001C0 /* ViewController.swift */,
				186102F5289E4884002001C0 /* Main.storyboard */,
				186102F8289E4889002001C0 /* Assets.xcassets */,
				186102FA289E4889002001C0 /* LaunchScreen.storyboard */,
				186102FD289E4889002001C0 /* Info.plist */,
				18610305289FDD29002001C0 /* ViewController2.swift */,
				1861030728A1327A002001C0 /* ViewController3.swift */,
				1861031128A15215002001C0 /* TViewController2.swift */,
				1861031328A15243002001C0 /* TViewController1.swift */,
				1861031728A15837002001C0 /* TBViewController2.swift */,
				1861031928A15845002001C0 /* TBViewController3.swift */,
				1861031B28A1585B002001C0 /* TBViewController1.swift */,
			);
			path = FirstProject;
			sourceTree = "<group>";
		};
/* End PBXGroup section */

/* Begin PBXNativeTarget section */
		186102EB289E4884002001C0 /* FirstProject */ = {
			isa = PBXNativeTarget;
			buildConfigurationList = 18610300289E4889002001C0 /* Build configuration list for PBXNativeTarget "FirstProject" */;
			buildPhases = (
				186102E8289E4884002001C0 /* Sources */,
				186102E9289E4884002001C0 /* Frameworks */,
				186102EA289E4884002001C0 /* Resources */,
			);
			buildRules = (
			);
			dependencies = (
			);
			name = FirstProject;
			productName = FirstProject;
			productReference = 186102EC289E4884002001C0 /* FirstProject.app */;
			productType = "com.apple.product-type.application";
		};
/* End PBXNativeTarget section */

/* Begin PBXProject section */
		186102E4289E4884002001C0 /* Project object */ = {
			isa = PBXProject;
			attributes = {
				BuildIndependentTargetsInParallel = 1;
				LastSwiftUpdateCheck = 1340;
				LastUpgradeCheck = 1340;
				TargetAttributes = {
					186102EB289E4884002001C0 = {
						CreatedOnToolsVersion = 13.4.1;
					};
				};
			};
			buildConfigurationList = 186102E7289E4884002001C0 /* Build configuration list for PBXProject "FirstProject" */;
			compatibilityVersion = "Xcode 13.0";
			developmentRegion = en;
			hasScannedForEncodings = 0;
			knownRegions = (
				en,
				Base,
			);
			mainGroup = 186102E3289E4884002001C0;
			productRefGroup = 186102ED289E4884002001C0 /* Products */;
			projectDirPath = "";
			projectRoot = "";
			targets = (
				186102EB289E4884002001C0 /* FirstProject */,
			);
		};
/* End PBXProject section */

/* Begin PBXResourcesBuildPhase section */
		186102EA289E4884002001C0 /* Resources */ = {
			isa = PBXResourcesBuildPhase;
			buildActionMask = 2147483647;
			files = (
				186102FC289E4889002001C0 /* LaunchScreen.storyboard in Resources */,
				186102F9289E4889002001C0 /* Assets.xcassets in Resources */,
				186102F7289E4884002001C0 /* Main.storyboard in Resources */,
			);
			runOnlyForDeploymentPostprocessing = 0;
		};
/* End PBXResourcesBuildPhase section */

/* Begin PBXSourcesBuildPhase section */
		186102E8289E4884002001C0 /* Sources */ = {
			isa = PBXSourcesBuildPhase;
			buildActionMask = 2147483647;
			files = (
				1861030828A1327A002001C0 /* ViewController3.swift in Sources */,
				1861030E28A14AE2002001C0 /* TableViewController.swift in Sources */,
				186102F4289E4884002001C0 /* ViewController.swift in Sources */,
				1861031A28A15845002001C0 /* TBViewController3.swift in Sources */,
				18610306289FDD29002001C0 /* ViewController2.swift in Sources */,
				186102F0289E4884002001C0 /* AppDelegate.swift in Sources */,
				1861031428A15243002001C0 /* TViewController1.swift in Sources */,
				1861031228A15215002001C0 /* TViewController2.swift in Sources */,
				1861031828A15837002001C0 /* TBViewController2.swift in Sources */,
				1861031C28A1585B002001C0 /* TBViewController1.swift in Sources */,
				186102F2289E4884002001C0 /* SceneDelegate.swift in Sources */,
			);
			runOnlyForDeploymentPostprocessing = 0;
		};
/* End PBXSourcesBuildPhase section */

/* Begin PBXVariantGroup section */
		186102F5289E4884002001C0 /* Main.storyboard */ = {
			isa = PBXVariantGroup;
			children = (
				186102F6289E4884002001C0 /* Base */,
			);
			name = Main.storyboard;
			sourceTree = "<group>";
		};
		186102FA289E4889002001C0 /* LaunchScreen.storyboard */ = {
			isa = PBXVariantGroup;
			children = (
				186102FB289E4889002001C0 /* Base */,
			);
			name = LaunchScreen.storyboard;
			sourceTree = "<group>";
		};
/* End PBXVariantGroup section */

/* Begin XCBuildConfiguration section */
		186102FE289E4889002001C0 /* Debug */ = {
			isa = XCBuildConfiguration;
			buildSettings = {
				ALWAYS_SEARCH_USER_PATHS = NO;
				CLANG_ANALYZER_NONNULL = YES;
				CLANG_ANALYZER_NUMBER_OBJECT_CONVERSION = YES_AGGRESSIVE;
				CLANG_CXX_LANGUAGE_STANDARD = "gnu++17";
				CLANG_ENABLE_MODULES = YES;
				CLANG_ENABLE_OBJC_ARC = YES;
				CLANG_ENABLE_OBJC_WEAK = YES;
				CLANG_WARN_BLOCK_CAPTURE_AUTORELEASING = YES;
				CLANG_WARN_BOOL_CONVERSION = YES;
				CLANG_WARN_COMMA = YES;
				CLANG_WARN_CONSTANT_CONVERSION = YES;
				CLANG_WARN_DEPRECATED_OBJC_IMPLEMENTATIONS = YES;
				CLANG_WARN_DIRECT_OBJC_ISA_USAGE = YES_ERROR;
				CLANG_WARN_DOCUMENTATION_COMMENTS = YES;
				CLANG_WARN_EMPTY_BODY = YES;
				CLANG_WARN_ENUM_CONVERSION = YES;
				CLANG_WARN_INFINITE_RECURSION = YES;
				CLANG_WARN_INT_CONVERSION = YES;
				CLANG_WARN_NON_LITERAL_NULL_CONVERSION = YES;
				CLANG_WARN_OBJC_IMPLICIT_RETAIN_SELF = YES;
				CLANG_WARN_OBJC_LITERAL_CONVERSION = YES;
				CLANG_WARN_OBJC_ROOT_CLASS = YES_ERROR;
				CLANG_WARN_QUOTED_INCLUDE_IN_FRAMEWORK_HEADER = YES;
				CLANG_WARN_RANGE_LOOP_ANALYSIS = YES;
				CLANG_WARN_STRICT_PROTOTYPES = YES;
				CLANG_WARN_SUSPICIOUS_MOVE = YES;
				CLANG_WARN_UNGUARDED_AVAILABILITY = YES_AGGRESSIVE;
				CLANG_WARN_UNREACHABLE_CODE = YES;
				CLANG_WARN__DUPLICATE_METHOD_MATCH = YES;
				COPY_PHASE_STRIP = NO;
				DEBUG_INFORMATION_FORMAT = dwarf;
				ENABLE_STRICT_OBJC_MSGSEND = YES;
				ENABLE_TESTABILITY = YES;
				GCC_C_LANGUAGE_STANDARD = gnu11;
				GCC_DYNAMIC_NO_PIC = NO;
				GCC_NO_COMMON_BLOCKS = YES;
				GCC_OPTIMIZATION_LEVEL = 0;
				GCC_PREPROCESSOR_DEFINITIONS = (
					"DEBUG=1",
					"$(inherited)",
				);
				GCC_WARN_64_TO_32_BIT_CONVERSION = YES;
				GCC_WARN_ABOUT_RETURN_TYPE = YES_ERROR;
				GCC_WARN_UNDECLARED_SELECTOR = YES;
				GCC_WARN_UNINITIALIZED_AUTOS = YES_AGGRESSIVE;
				GCC_WARN_UNUSED_FUNCTION = YES;
				GCC_WARN_UNUSED_VARIABLE = YES;
				IPHONEOS_DEPLOYMENT_TARGET = 15.5;
				MTL_ENABLE_DEBUG_INFO = INCLUDE_SOURCE;
				MTL_FAST_MATH = YES;
				ONLY_ACTIVE_ARCH = YES;
				SDKROOT = iphoneos;
				SWIFT_ACTIVE_COMPILATION_CONDITIONS = DEBUG;
				SWIFT_OPTIMIZATION_LEVEL = "-Onone";
			};
			name = Debug;
		};
		186102FF289E4889002001C0 /* Release */ = {
			isa = XCBuildConfiguration;
			buildSettings = {
				ALWAYS_SEARCH_USER_PATHS = NO;
				CLANG_ANALYZER_NONNULL = YES;
				CLANG_ANALYZER_NUMBER_OBJECT_CONVERSION = YES_AGGRESSIVE;
				CLANG_CXX_LANGUAGE_STANDARD = "gnu++17";
				CLANG_ENABLE_MODULES = YES;
				CLANG_ENABLE_OBJC_ARC = YES;
				CLANG_ENABLE_OBJC_WEAK = YES;
				CLANG_WARN_BLOCK_CAPTURE_AUTORELEASING = YES;
				CLANG_WARN_BOOL_CONVERSION = YES;
				CLANG_WARN_COMMA = YES;
				CLANG_WARN_CONSTANT_CONVERSION = YES;
				CLANG_WARN_DEPRECATED_OBJC_IMPLEMENTATIONS = YES;
				CLANG_WARN_DIRECT_OBJC_ISA_USAGE = YES_ERROR;
				CLANG_WARN_DOCUMENTATION_COMMENTS = YES;
				CLANG_WARN_EMPTY_BODY = YES;
				CLANG_WARN_ENUM_CONVERSION = YES;
				CLANG_WARN_INFINITE_RECURSION = YES;
				CLANG_WARN_INT_CONVERSION = YES;
				CLANG_WARN_NON_LITERAL_NULL_CONVERSION = YES;
				CLANG_WARN_OBJC_IMPLICIT_RETAIN_SELF = YES;
				CLANG_WARN_OBJC_LITERAL_CONVERSION = YES;
				CLANG_WARN_OBJC_ROOT_CLASS = YES_ERROR;
				CLANG_WARN_QUOTED_INCLUDE_IN_FRAMEWORK_HEADER = YES;
				CLANG_WARN_RANGE_LOOP_ANALYSIS = YES;
				CLANG_WARN_STRICT_PROTOTYPES = YES;
				CLANG_WARN_SUSPICIOUS_MOVE = YES;
				CLANG_WARN_UNGUARDED_AVAILABILITY = YES_AGGRESSIVE;
				CLANG_WARN_UNREACHABLE_CODE = YES;
				CLANG_WARN__DUPLICATE_METHOD_MATCH = YES;
				COPY_PHASE_STRIP = NO;
				DEBUG_INFORMATION_FORMAT = "dwarf-with-dsym";
				ENABLE_NS_ASSERTIONS = NO;
				ENABLE_STRICT_OBJC_MSGSEND = YES;
				GCC_C_LANGUAGE_STANDARD = gnu11;
				GCC_NO_COMMON_BLOCKS = YES;
				GCC_WARN_64_TO_32_BIT_CONVERSION = YES;
				GCC_WARN_ABOUT_RETURN_TYPE = YES_ERROR;
				GCC_WARN_UNDECLARED_SELECTOR = YES;
				GCC_WARN_UNINITIALIZED_AUTOS = YES_AGGRESSIVE;
				GCC_WARN_UNUSED_FUNCTION = YES;
				GCC_WARN_UNUSED_VARIABLE = YES;
				IPHONEOS_DEPLOYMENT_TARGET = 15.5;
				MTL_ENABLE_DEBUG_INFO = NO;
				MTL_FAST_MATH = YES;
				SDKROOT = iphoneos;
				SWIFT_COMPILATION_MODE = wholemodule;
				SWIFT_OPTIMIZATION_LEVEL = "-O";
				VALIDATE_PRODUCT = YES;
			};
			name = Release;
		};
		18610301289E4889002001C0 /* Debug */ = {
			isa = XCBuildConfiguration;
			buildSettings = {
				ASSETCATALOG_COMPILER_APPICON_NAME = AppIcon;
				ASSETCATALOG_COMPILER_GLOBAL_ACCENT_COLOR_NAME = AccentColor;
				CODE_SIGN_STYLE = Automatic;
				CURRENT_PROJECT_VERSION = 1;
				DEVELOPMENT_TEAM = QV8Y2B66E8;
				GENERATE_INFOPLIST_FILE = YES;
				INFOPLIST_FILE = FirstProject/Info.plist;
				INFOPLIST_KEY_UIApplicationSupportsIndirectInputEvents = YES;
				INFOPLIST_KEY_UILaunchStoryboardName = LaunchScreen;
				INFOPLIST_KEY_UIMainStoryboardFile = Main;
				INFOPLIST_KEY_UISupportedInterfaceOrientations_iPad = "UIInterfaceOrientationPortrait UIInterfaceOrientationPortraitUpsideDown UIInterfaceOrientationLandscapeLeft UIInterfaceOrientationLandscapeRight";
				INFOPLIST_KEY_UISupportedInterfaceOrientations_iPhone = "UIInterfaceOrientationPortrait UIInterfaceOrientationLandscapeLeft UIInterfaceOrientationLandscapeRight";
				LD_RUNPATH_SEARCH_PATHS = (
					"$(inherited)",
					"@executable_path/Frameworks",
				);
				MARKETING_VERSION = 1.0;
				PRODUCT_BUNDLE_IDENTIFIER = "-73749686.FirstProject";
				PRODUCT_NAME = "$(TARGET_NAME)";
				SWIFT_EMIT_LOC_STRINGS = YES;
				SWIFT_VERSION = 5.0;
				TARGETED_DEVICE_FAMILY = "1,2";
			};
			name = Debug;
		};
		18610302289E4889002001C0 /* Release */ = {
			isa = XCBuildConfiguration;
			buildSettings = {
				ASSETCATALOG_COMPILER_APPICON_NAME = AppIcon;
				ASSETCATALOG_COMPILER_GLOBAL_ACCENT_COLOR_NAME = AccentColor;
				CODE_SIGN_STYLE = Automatic;
				CURRENT_PROJECT_VERSION = 1;
				DEVELOPMENT_TEAM = QV8Y2B66E8;
				GENERATE_INFOPLIST_FILE = YES;
				INFOPLIST_FILE = FirstProject/Info.plist;
				INFOPLIST_KEY_UIApplicationSupportsIndirectInputEvents = YES;
				INFOPLIST_KEY_UILaunchStoryboardName = LaunchScreen;
				INFOPLIST_KEY_UIMainStoryboardFile = Main;
				INFOPLIST_KEY_UISupportedInterfaceOrientations_iPad = "UIInterfaceOrientationPortrait UIInterfaceOrientationPortraitUpsideDown UIInterfaceOrientationLandscapeLeft UIInterfaceOrientationLandscapeRight";
				INFOPLIST_KEY_UISupportedInterfaceOrientations_iPhone = "UIInterfaceOrientationPortrait UIInterfaceOrientationLandscapeLeft UIInterfaceOrientationLandscapeRight";
				LD_RUNPATH_SEARCH_PATHS = (
					"$(inherited)",
					"@executable_path/Frameworks",
				);
				MARKETING_VERSION = 1.0;
				PRODUCT_BUNDLE_IDENTIFIER = "-73749686.FirstProject";
				PRODUCT_NAME = "$(TARGET_NAME)";
				SWIFT_EMIT_LOC_STRINGS = YES;
				SWIFT_VERSION = 5.0;
				TARGETED_DEVICE_FAMILY = "1,2";
			};
			name = Release;
		};
/* End XCBuildConfiguration section */

/* Begin XCConfigurationList section */
		186102E7289E4884002001C0 /* Build configuration list for PBXProject "FirstProject" */ = {
			isa = XCConfigurationList;
			buildConfigurations = (
				186102FE289E4889002001C0 /* Debug */,
				186102FF289E4889002001C0 /* Release */,
			);
			defaultConfigurationIsVisible = 0;
			defaultConfigurationName = Release;
		};
		18610300289E4889002001C0 /* Build configuration list for PBXNativeTarget "FirstProject" */ = {
			isa = XCConfigurationList;
			buildConfigurations = (
				18610301289E4889002001C0 /* Debug */,
				18610302289E4889002001C0 /* Release */,
			);
			defaultConfigurationIsVisible = 0;
			defaultConfigurationName = Release;
		};
/* End XCConfigurationList section */
	};
	rootObject = 186102E4289E4884002001C0 /* Project object */;
}
