// !$*UTF8*$!
{
	archiveVersion = 1;
	classes = {
	};
	objectVersion = 51;
	objects = {

/* Begin PBXBuildFile section */
		9D5ADBFFE6088D03409D23EF /* Pods_NoteBook.framework in Frameworks */ = {isa = PBXBuildFile; fileRef = 7EF9354A1348934FE6F223C4 /* Pods_NoteBook.framework */; };
		A007AA3428B383D60019C7B6 /* DataManager.swift in Sources */ = {isa = PBXBuildFile; fileRef = A007AA3328B383D60019C7B6 /* DataManager.swift */; };
		A007AA3728B46CD30019C7B6 /* NoteListTableViewController.swift in Sources */ = {isa = PBXBuildFile; fileRef = A007AA3628B46CD30019C7B6 /* NoteListTableViewController.swift */; };
		A007AA3A28B46D060019C7B6 /* NoteModel.swift in Sources */ = {isa = PBXBuildFile; fileRef = A007AA3928B46D060019C7B6 /* NoteModel.swift */; };
		A007AA4628B4C7D30019C7B6 /* NoteDetilViewController.swift in Sources */ = {isa = PBXBuildFile; fileRef = A007AA4528B4C7D30019C7B6 /* NoteDetilViewController.swift */; };
		A0DB46C028B31E7900FAA20C /* AppDelegate.swift in Sources */ = {isa = PBXBuildFile; fileRef = A0DB46BF28B31E7900FAA20C /* AppDelegate.swift */; };
		A0DB46C228B31E7900FAA20C /* SceneDelegate.swift in Sources */ = {isa = PBXBuildFile; fileRef = A0DB46C128B31E7900FAA20C /* SceneDelegate.swift */; };
		A0DB46C428B31E7900FAA20C /* ViewController.swift in Sources */ = {isa = PBXBuildFile; fileRef = A0DB46C328B31E7900FAA20C /* ViewController.swift */; };
		A0DB46C728B31E7900FAA20C /* Main.storyboard in Resources */ = {isa = PBXBuildFile; fileRef = A0DB46C528B31E7900FAA20C /* Main.storyboard */; };
		A0DB46C928B31E8500FAA20C /* Assets.xcassets in Resources */ = {isa = PBXBuildFile; fileRef = A0DB46C828B31E8500FAA20C /* Assets.xcassets */; };
		A0DB46CC28B31E8500FAA20C /* LaunchScreen.storyboard in Resources */ = {isa = PBXBuildFile; fileRef = A0DB46CA28B31E8500FAA20C /* LaunchScreen.storyboard */; };
		A0DB46E628B3219D00FAA20C /* HomeView.swift in Sources */ = {isa = PBXBuildFile; fileRef = A0DB46E528B3219D00FAA20C /* HomeView.swift */; };
/* End PBXBuildFile section */

/* Begin PBXFileReference section */
		6874115C54BCB17891599D04 /* Pods-NoteBook.release.xcconfig */ = {isa = PBXFileReference; includeInIndex = 1; lastKnownFileType = text.xcconfig; name = "Pods-NoteBook.release.xcconfig"; path = "Target Support Files/Pods-NoteBook/Pods-NoteBook.release.xcconfig"; sourceTree = "<group>"; };
		7EF9354A1348934FE6F223C4 /* Pods_NoteBook.framework */ = {isa = PBXFileReference; explicitFileType = wrapper.framework; includeInIndex = 0; path = Pods_NoteBook.framework; sourceTree = BUILT_PRODUCTS_DIR; };
		971B969753FC6204ED331DB0 /* Pods-NoteBook.debug.xcconfig */ = {isa = PBXFileReference; includeInIndex = 1; lastKnownFileType = text.xcconfig; name = "Pods-NoteBook.debug.xcconfig"; path = "Target Support Files/Pods-NoteBook/Pods-NoteBook.debug.xcconfig"; sourceTree = "<group>"; };
		A007AA3328B383D60019C7B6 /* DataManager.swift */ = {isa = PBXFileReference; lastKnownFileType = sourcecode.swift; path = DataManager.swift; sourceTree = "<group>"; };
		A007AA3628B46CD30019C7B6 /* NoteListTableViewController.swift */ = {isa = PBXFileReference; lastKnownFileType = sourcecode.swift; path = NoteListTableViewController.swift; sourceTree = "<group>"; };
		A007AA3928B46D060019C7B6 /* NoteModel.swift */ = {isa = PBXFileReference; lastKnownFileType = sourcecode.swift; path = NoteModel.swift; sourceTree = "<group>"; };
		A007AA4528B4C7D30019C7B6 /* NoteDetilViewController.swift */ = {isa = PBXFileReference; lastKnownFileType = sourcecode.swift; path = NoteDetilViewController.swift; sourceTree = "<group>"; };
		A0DB46BC28B31E7900FAA20C /* NoteBook.app */ = {isa = PBXFileReference; explicitFileType = wrapper.application; includeInIndex = 0; path = NoteBook.app; sourceTree = BUILT_PRODUCTS_DIR; };
		A0DB46BF28B31E7900FAA20C /* AppDelegate.swift */ = {isa = PBXFileReference; lastKnownFileType = sourcecode.swift; path = AppDelegate.swift; sourceTree = "<group>"; };
		A0DB46C128B31E7900FAA20C /* SceneDelegate.swift */ = {isa = PBXFileReference; lastKnownFileType = sourcecode.swift; path = SceneDelegate.swift; sourceTree = "<group>"; };
		A0DB46C328B31E7900FAA20C /* ViewController.swift */ = {isa = PBXFileReference; lastKnownFileType = sourcecode.swift; path = ViewController.swift; sourceTree = "<group>"; };
		A0DB46C628B31E7900FAA20C /* Base */ = {isa = PBXFileReference; lastKnownFileType = file.storyboard; name = Base; path = Base.lproj/Main.storyboard; sourceTree = "<group>"; };
		A0DB46C828B31E8500FAA20C /* Assets.xcassets */ = {isa = PBXFileReference; lastKnownFileType = folder.assetcatalog; path = Assets.xcassets; sourceTree = "<group>"; };
		A0DB46CB28B31E8500FAA20C /* Base */ = {isa = PBXFileReference; lastKnownFileType = file.storyboard; name = Base; path = Base.lproj/LaunchScreen.storyboard; sourceTree = "<group>"; };
		A0DB46CD28B31E8500FAA20C /* Info.plist */ = {isa = PBXFileReference; lastKnownFileType = text.plist.xml; path = Info.plist; sourceTree = "<group>"; };
		A0DB46E528B3219D00FAA20C /* HomeView.swift */ = {isa = PBXFileReference; lastKnownFileType = sourcecode.swift; path = HomeView.swift; sourceTree = "<group>"; };
/* End PBXFileReference section */

/* Begin PBXFrameworksBuildPhase section */
		A0DB46B928B31E7900FAA20C /* Frameworks */ = {
			isa = PBXFrameworksBuildPhase;
			buildActionMask = 2147483647;
			files = (
				9D5ADBFFE6088D03409D23EF /* Pods_NoteBook.framework in Frameworks */,
			);
			runOnlyForDeploymentPostprocessing = 0;
		};
/* End PBXFrameworksBuildPhase section */

/* Begin PBXGroup section */
		31C4BCA2CD11392B1DF49707 /* Pods */ = {
			isa = PBXGroup;
			children = (
				971B969753FC6204ED331DB0 /* Pods-NoteBook.debug.xcconfig */,
				6874115C54BCB17891599D04 /* Pods-NoteBook.release.xcconfig */,
			);
			path = Pods;
			sourceTree = "<group>";
		};
		34BF135783C87F77D0AF501E /* Frameworks */ = {
			isa = PBXGroup;
			children = (
				7EF9354A1348934FE6F223C4 /* Pods_NoteBook.framework */,
			);
			name = Frameworks;
			sourceTree = "<group>";
		};
		A0DB46B328B31E7900FAA20C = {
			isa = PBXGroup;
			children = (
				A0DB46BE28B31E7900FAA20C /* NoteBook */,
				A0DB46BD28B31E7900FAA20C /* Products */,
				31C4BCA2CD11392B1DF49707 /* Pods */,
				34BF135783C87F77D0AF501E /* Frameworks */,
			);
			sourceTree = "<group>";
		};
		A0DB46BD28B31E7900FAA20C /* Products */ = {
			isa = PBXGroup;
			children = (
				A0DB46BC28B31E7900FAA20C /* NoteBook.app */,
			);
			name = Products;
			sourceTree = "<group>";
		};
		A0DB46BE28B31E7900FAA20C /* NoteBook */ = {
			isa = PBXGroup;
			children = (
				A0DB46BF28B31E7900FAA20C /* AppDelegate.swift */,
				A0DB46C128B31E7900FAA20C /* SceneDelegate.swift */,
				A0DB46C328B31E7900FAA20C /* ViewController.swift */,
				A0DB46E528B3219D00FAA20C /* HomeView.swift */,
				A0DB46C528B31E7900FAA20C /* Main.storyboard */,
				A0DB46C828B31E8500FAA20C /* Assets.xcassets */,
				A0DB46CA28B31E8500FAA20C /* LaunchScreen.storyboard */,
				A0DB46CD28B31E8500FAA20C /* Info.plist */,
				A007AA3328B383D60019C7B6 /* DataManager.swift */,
				A007AA4528B4C7D30019C7B6 /* NoteDetilViewController.swift */,
				A007AA3628B46CD30019C7B6 /* NoteListTableViewController.swift */,
				A007AA3928B46D060019C7B6 /* NoteModel.swift */,
			);
			path = NoteBook;
			sourceTree = "<group>";
		};
/* End PBXGroup section */

/* Begin PBXNativeTarget section */
		A0DB46BB28B31E7900FAA20C /* NoteBook */ = {
			isa = PBXNativeTarget;
			buildConfigurationList = A0DB46D028B31E8500FAA20C /* Build configuration list for PBXNativeTarget "NoteBook" */;
			buildPhases = (
				5D7FF66E6DA4DB5D642A7D89 /* [CP] Check Pods Manifest.lock */,
				A0DB46B828B31E7900FAA20C /* Sources */,
				A0DB46B928B31E7900FAA20C /* Frameworks */,
				A0DB46BA28B31E7900FAA20C /* Resources */,
				D1C5B48DC8CA30D08FDDA274 /* [CP] Embed Pods Frameworks */,
			);
			buildRules = (
			);
			dependencies = (
			);
			name = NoteBook;
			productName = NoteBook;
			productReference = A0DB46BC28B31E7900FAA20C /* NoteBook.app */;
			productType = "com.apple.product-type.application";
		};
/* End PBXNativeTarget section */

/* Begin PBXProject section */
		A0DB46B428B31E7900FAA20C /* Project object */ = {
			isa = PBXProject;
			attributes = {
				LastSwiftUpdateCheck = 1240;
				LastUpgradeCheck = 1240;
				TargetAttributes = {
					A0DB46BB28B31E7900FAA20C = {
						CreatedOnToolsVersion = 12.4;
					};
				};
			};
			buildConfigurationList = A0DB46B728B31E7900FAA20C /* Build configuration list for PBXProject "NoteBook" */;
			compatibilityVersion = "Xcode 9.3";
			developmentRegion = en;
			hasScannedForEncodings = 0;
			knownRegions = (
				en,
				Base,
			);
			mainGroup = A0DB46B328B31E7900FAA20C;
			productRefGroup = A0DB46BD28B31E7900FAA20C /* Products */;
			projectDirPath = "";
			projectRoot = "";
			targets = (
				A0DB46BB28B31E7900FAA20C /* NoteBook */,
			);
		};
/* End PBXProject section */

/* Begin PBXResourcesBuildPhase section */
		A0DB46BA28B31E7900FAA20C /* Resources */ = {
			isa = PBXResourcesBuildPhase;
			buildActionMask = 2147483647;
			files = (
				A0DB46CC28B31E8500FAA20C /* LaunchScreen.storyboard in Resources */,
				A0DB46C928B31E8500FAA20C /* Assets.xcassets in Resources */,
				A0DB46C728B31E7900FAA20C /* Main.storyboard in Resources */,
			);
			runOnlyForDeploymentPostprocessing = 0;
		};
/* End PBXResourcesBuildPhase section */

/* Begin PBXShellScriptBuildPhase section */
		5D7FF66E6DA4DB5D642A7D89 /* [CP] Check Pods Manifest.lock */ = {
			isa = PBXShellScriptBuildPhase;
			buildActionMask = 2147483647;
			files = (
			);
			inputFileListPaths = (
			);
			inputPaths = (
				"${PODS_PODFILE_DIR_PATH}/Podfile.lock",
				"${PODS_ROOT}/Manifest.lock",
			);
			name = "[CP] Check Pods Manifest.lock";
			outputFileListPaths = (
			);
			outputPaths = (
				"$(DERIVED_FILE_DIR)/Pods-NoteBook-checkManifestLockResult.txt",
			);
			runOnlyForDeploymentPostprocessing = 0;
			shellPath = /bin/sh;
			shellScript = "diff \"${PODS_PODFILE_DIR_PATH}/Podfile.lock\" \"${PODS_ROOT}/Manifest.lock\" > /dev/null\nif [ $? != 0 ] ; then\n    # print error to STDERR\n    echo \"error: The sandbox is not in sync with the Podfile.lock. Run 'pod install' or update your CocoaPods installation.\" >&2\n    exit 1\nfi\n# This output is used by Xcode 'outputs' to avoid re-running this script phase.\necho \"SUCCESS\" > \"${SCRIPT_OUTPUT_FILE_0}\"\n";
			showEnvVarsInLog = 0;
		};
		D1C5B48DC8CA30D08FDDA274 /* [CP] Embed Pods Frameworks */ = {
			isa = PBXShellScriptBuildPhase;
			buildActionMask = 2147483647;
			files = (
			);
			inputFileListPaths = (
				"${PODS_ROOT}/Target Support Files/Pods-NoteBook/Pods-NoteBook-frameworks-${CONFIGURATION}-input-files.xcfilelist",
			);
			name = "[CP] Embed Pods Frameworks";
			outputFileListPaths = (
				"${PODS_ROOT}/Target Support Files/Pods-NoteBook/Pods-NoteBook-frameworks-${CONFIGURATION}-output-files.xcfilelist",
			);
			runOnlyForDeploymentPostprocessing = 0;
			shellPath = /bin/sh;
			shellScript = "\"${PODS_ROOT}/Target Support Files/Pods-NoteBook/Pods-NoteBook-frameworks.sh\"\n";
			showEnvVarsInLog = 0;
		};
/* End PBXShellScriptBuildPhase section */

/* Begin PBXSourcesBuildPhase section */
		A0DB46B828B31E7900FAA20C /* Sources */ = {
			isa = PBXSourcesBuildPhase;
			buildActionMask = 2147483647;
			files = (
				A0DB46C428B31E7900FAA20C /* ViewController.swift in Sources */,
				A007AA3428B383D60019C7B6 /* DataManager.swift in Sources */,
				A0DB46E628B3219D00FAA20C /* HomeView.swift in Sources */,
				A007AA3A28B46D060019C7B6 /* NoteModel.swift in Sources */,
				A007AA3728B46CD30019C7B6 /* NoteListTableViewController.swift in Sources */,
				A0DB46C028B31E7900FAA20C /* AppDelegate.swift in Sources */,
				A0DB46C228B31E7900FAA20C /* SceneDelegate.swift in Sources */,
				A007AA4628B4C7D30019C7B6 /* NoteDetilViewController.swift in Sources */,
			);
			runOnlyForDeploymentPostprocessing = 0;
		};
/* End PBXSourcesBuildPhase section */

/* Begin PBXVariantGroup section */
		A0DB46C528B31E7900FAA20C /* Main.storyboard */ = {
			isa = PBXVariantGroup;
			children = (
				A0DB46C628B31E7900FAA20C /* Base */,
			);
			name = Main.storyboard;
			sourceTree = "<group>";
		};
		A0DB46CA28B31E8500FAA20C /* LaunchScreen.storyboard */ = {
			isa = PBXVariantGroup;
			children = (
				A0DB46CB28B31E8500FAA20C /* Base */,
			);
			name = LaunchScreen.storyboard;
			sourceTree = "<group>";
		};
/* End PBXVariantGroup section */

/* Begin XCBuildConfiguration section */
		A0DB46CE28B31E8500FAA20C /* Debug */ = {
			isa = XCBuildConfiguration;
			buildSettings = {
				ALWAYS_SEARCH_USER_PATHS = NO;
				CLANG_ANALYZER_NONNULL = YES;
				CLANG_ANALYZER_NUMBER_OBJECT_CONVERSION = YES_AGGRESSIVE;
				CLANG_CXX_LANGUAGE_STANDARD = "gnu++14";
				CLANG_CXX_LIBRARY = "libc++";
				CLANG_ENABLE_MODULES = YES;
				CLANG_ENABLE_OBJC_ARC = YES;
				CLANG_ENABLE_OBJC_WEAK = YES;
				CLANG_WARN_BLOCK_CAPTURE_AUTORELEASING = YES;
				CLANG_WARN_BOOL_CONVERSION = YES;
				CLANG_WARN_COMMA = YES;
				CLANG_WARN_CONSTANT_CONVERSION = YES;
				CLANG_WARN_DEPRECATED_OBJC_IMPLEMENTATIONS = YES;
				CLANG_WARN_DIRECT_OBJC_ISA_USAGE = YES_ERROR;
				CLANG_WARN_DOCUMENTATION_COMMENTS = YES;
				CLANG_WARN_EMPTY_BODY = YES;
				CLANG_WARN_ENUM_CONVERSION = YES;
				CLANG_WARN_INFINITE_RECURSION = YES;
				CLANG_WARN_INT_CONVERSION = YES;
				CLANG_WARN_NON_LITERAL_NULL_CONVERSION = YES;
				CLANG_WARN_OBJC_IMPLICIT_RETAIN_SELF = YES;
				CLANG_WARN_OBJC_LITERAL_CONVERSION = YES;
				CLANG_WARN_OBJC_ROOT_CLASS = YES_ERROR;
				CLANG_WARN_QUOTED_INCLUDE_IN_FRAMEWORK_HEADER = YES;
				CLANG_WARN_RANGE_LOOP_ANALYSIS = YES;
				CLANG_WARN_STRICT_PROTOTYPES = YES;
				CLANG_WARN_SUSPICIOUS_MOVE = YES;
				CLANG_WARN_UNGUARDED_AVAILABILITY = YES_AGGRESSIVE;
				CLANG_WARN_UNREACHABLE_CODE = YES;
				CLANG_WARN__DUPLICATE_METHOD_MATCH = YES;
				COPY_PHASE_STRIP = NO;
				DEBUG_INFORMATION_FORMAT = dwarf;
				ENABLE_STRICT_OBJC_MSGSEND = YES;
				ENABLE_TESTABILITY = YES;
				GCC_C_LANGUAGE_STANDARD = gnu11;
				GCC_DYNAMIC_NO_PIC = NO;
				GCC_NO_COMMON_BLOCKS = YES;
				GCC_OPTIMIZATION_LEVEL = 0;
				GCC_PREPROCESSOR_DEFINITIONS = (
					"DEBUG=1",
					"$(inherited)",
				);
				GCC_WARN_64_TO_32_BIT_CONVERSION = YES;
				GCC_WARN_ABOUT_RETURN_TYPE = YES_ERROR;
				GCC_WARN_UNDECLARED_SELECTOR = YES;
				GCC_WARN_UNINITIALIZED_AUTOS = YES_AGGRESSIVE;
				GCC_WARN_UNUSED_FUNCTION = YES;
				GCC_WARN_UNUSED_VARIABLE = YES;
				IPHONEOS_DEPLOYMENT_TARGET = 14.4;
				MTL_ENABLE_DEBUG_INFO = INCLUDE_SOURCE;
				MTL_FAST_MATH = YES;
				ONLY_ACTIVE_ARCH = YES;
				SDKROOT = iphoneos;
				SWIFT_ACTIVE_COMPILATION_CONDITIONS = DEBUG;
				SWIFT_OPTIMIZATION_LEVEL = "-Onone";
			};
			name = Debug;
		};
		A0DB46CF28B31E8500FAA20C /* Release */ = {
			isa = XCBuildConfiguration;
			buildSettings = {
				ALWAYS_SEARCH_USER_PATHS = NO;
				CLANG_ANALYZER_NONNULL = YES;
				CLANG_ANALYZER_NUMBER_OBJECT_CONVERSION = YES_AGGRESSIVE;
				CLANG_CXX_LANGUAGE_STANDARD = "gnu++14";
				CLANG_CXX_LIBRARY = "libc++";
				CLANG_ENABLE_MODULES = YES;
				CLANG_ENABLE_OBJC_ARC = YES;
				CLANG_ENABLE_OBJC_WEAK = YES;
				CLANG_WARN_BLOCK_CAPTURE_AUTORELEASING = YES;
				CLANG_WARN_BOOL_CONVERSION = YES;
				CLANG_WARN_COMMA = YES;
				CLANG_WARN_CONSTANT_CONVERSION = YES;
				CLANG_WARN_DEPRECATED_OBJC_IMPLEMENTATIONS = YES;
				CLANG_WARN_DIRECT_OBJC_ISA_USAGE = YES_ERROR;
				CLANG_WARN_DOCUMENTATION_COMMENTS = YES;
				CLANG_WARN_EMPTY_BODY = YES;
				CLANG_WARN_ENUM_CONVERSION = YES;
				CLANG_WARN_INFINITE_RECURSION = YES;
				CLANG_WARN_INT_CONVERSION = YES;
				CLANG_WARN_NON_LITERAL_NULL_CONVERSION = YES;
				CLANG_WARN_OBJC_IMPLICIT_RETAIN_SELF = YES;
				CLANG_WARN_OBJC_LITERAL_CONVERSION = YES;
				CLANG_WARN_OBJC_ROOT_CLASS = YES_ERROR;
				CLANG_WARN_QUOTED_INCLUDE_IN_FRAMEWORK_HEADER = YES;
				CLANG_WARN_RANGE_LOOP_ANALYSIS = YES;
				CLANG_WARN_STRICT_PROTOTYPES = YES;
				CLANG_WARN_SUSPICIOUS_MOVE = YES;
				CLANG_WARN_UNGUARDED_AVAILABILITY = YES_AGGRESSIVE;
				CLANG_WARN_UNREACHABLE_CODE = YES;
				CLANG_WARN__DUPLICATE_METHOD_MATCH = YES;
				COPY_PHASE_STRIP = NO;
				DEBUG_INFORMATION_FORMAT = "dwarf-with-dsym";
				ENABLE_NS_ASSERTIONS = NO;
				ENABLE_STRICT_OBJC_MSGSEND = YES;
				GCC_C_LANGUAGE_STANDARD = gnu11;
				GCC_NO_COMMON_BLOCKS = YES;
				GCC_WARN_64_TO_32_BIT_CONVERSION = YES;
				GCC_WARN_ABOUT_RETURN_TYPE = YES_ERROR;
				GCC_WARN_UNDECLARED_SELECTOR = YES;
				GCC_WARN_UNINITIALIZED_AUTOS = YES_AGGRESSIVE;
				GCC_WARN_UNUSED_FUNCTION = YES;
				GCC_WARN_UNUSED_VARIABLE = YES;
				IPHONEOS_DEPLOYMENT_TARGET = 14.4;
				MTL_ENABLE_DEBUG_INFO = NO;
				MTL_FAST_MATH = YES;
				SDKROOT = iphoneos;
				SWIFT_COMPILATION_MODE = wholemodule;
				SWIFT_OPTIMIZATION_LEVEL = "-O";
				VALIDATE_PRODUCT = YES;
			};
			name = Release;
		};
		A0DB46D128B31E8500FAA20C /* Debug */ = {
			isa = XCBuildConfiguration;
			baseConfigurationReference = 971B969753FC6204ED331DB0 /* Pods-NoteBook.debug.xcconfig */;
			buildSettings = {
				ASSETCATALOG_COMPILER_APPICON_NAME = AppIcon;
				ASSETCATALOG_COMPILER_GLOBAL_ACCENT_COLOR_NAME = AccentColor;
				CODE_SIGN_STYLE = Automatic;
				DEVELOPMENT_TEAM = QV8Y2B66E8;
				INFOPLIST_FILE = NoteBook/Info.plist;
				LD_RUNPATH_SEARCH_PATHS = (
					"$(inherited)",
					"@executable_path/Frameworks",
				);
				PRODUCT_BUNDLE_IDENTIFIER = com.boyaa.NoteBook;
				PRODUCT_NAME = "$(TARGET_NAME)";
				SWIFT_VERSION = 5.0;
				TARGETED_DEVICE_FAMILY = "1,2";
			};
			name = Debug;
		};
		A0DB46D228B31E8500FAA20C /* Release */ = {
			isa = XCBuildConfiguration;
			baseConfigurationReference = 6874115C54BCB17891599D04 /* Pods-NoteBook.release.xcconfig */;
			buildSettings = {
				ASSETCATALOG_COMPILER_APPICON_NAME = AppIcon;
				ASSETCATALOG_COMPILER_GLOBAL_ACCENT_COLOR_NAME = AccentColor;
				CODE_SIGN_STYLE = Automatic;
				DEVELOPMENT_TEAM = QV8Y2B66E8;
				INFOPLIST_FILE = NoteBook/Info.plist;
				LD_RUNPATH_SEARCH_PATHS = (
					"$(inherited)",
					"@executable_path/Frameworks",
				);
				PRODUCT_BUNDLE_IDENTIFIER = com.boyaa.NoteBook;
				PRODUCT_NAME = "$(TARGET_NAME)";
				SWIFT_VERSION = 5.0;
				TARGETED_DEVICE_FAMILY = "1,2";
			};
			name = Release;
		};
/* End XCBuildConfiguration section */

/* Begin XCConfigurationList section */
		A0DB46B728B31E7900FAA20C /* Build configuration list for PBXProject "NoteBook" */ = {
			isa = XCConfigurationList;
			buildConfigurations = (
				A0DB46CE28B31E8500FAA20C /* Debug */,
				A0DB46CF28B31E8500FAA20C /* Release */,
			);
			defaultConfigurationIsVisible = 0;
			defaultConfigurationName = Release;
		};
		A0DB46D028B31E8500FAA20C /* Build configuration list for PBXNativeTarget "NoteBook" */ = {
			isa = XCConfigurationList;
			buildConfigurations = (
				A0DB46D128B31E8500FAA20C /* Debug */,
				A0DB46D228B31E8500FAA20C /* Release */,
			);
			defaultConfigurationIsVisible = 0;
			defaultConfigurationName = Release;
		};
/* End XCConfigurationList section */
	};
	rootObject = A0DB46B428B31E7900FAA20C /* Project object */;
}
