// !$*UTF8*$!
{
	archiveVersion = 1;
	classes = {
	};
	objectVersion = 50;
	objects = {

/* Begin PBXBuildFile section */
		A001996C28C99DB5003F0752 /* AppDelegate.swift in Sources */ = {isa = PBXBuildFile; fileRef = A001996B28C99DB5003F0752 /* AppDelegate.swift */; };
		A001996E28C99DB5003F0752 /* SceneDelegate.swift in Sources */ = {isa = PBXBuildFile; fileRef = A001996D28C99DB5003F0752 /* SceneDelegate.swift */; };
		A001997328C99DB5003F0752 /* Main.storyboard in Resources */ = {isa = PBXBuildFile; fileRef = A001997128C99DB5003F0752 /* Main.storyboard */; };
		A001997528C99DC0003F0752 /* Assets.xcassets in Resources */ = {isa = PBXBuildFile; fileRef = A001997428C99DC0003F0752 /* Assets.xcassets */; };
		A001997828C99DC0003F0752 /* LaunchScreen.storyboard in Resources */ = {isa = PBXBuildFile; fileRef = A001997628C99DC0003F0752 /* LaunchScreen.storyboard */; };
		A001998328C9A028003F0752 /* MasterViewController.swift in Sources */ = {isa = PBXBuildFile; fileRef = A001998228C9A028003F0752 /* MasterViewController.swift */; };
		A001998728C9A282003F0752 /* DeatilViewController.swift in Sources */ = {isa = PBXBuildFile; fileRef = A001998628C9A282003F0752 /* DeatilViewController.swift */; };
		A001998A28C9F2DA003F0752 /* Settings.bundle in Resources */ = {isa = PBXBuildFile; fileRef = A001998928C9F2D9003F0752 /* Settings.bundle */; };
/* End PBXBuildFile section */

/* Begin PBXFileReference section */
		A001996828C99DB5003F0752 /* SplitViewControllerDemo.app */ = {isa = PBXFileReference; explicitFileType = wrapper.application; includeInIndex = 0; path = SplitViewControllerDemo.app; sourceTree = BUILT_PRODUCTS_DIR; };
		A001996B28C99DB5003F0752 /* AppDelegate.swift */ = {isa = PBXFileReference; lastKnownFileType = sourcecode.swift; path = AppDelegate.swift; sourceTree = "<group>"; };
		A001996D28C99DB5003F0752 /* SceneDelegate.swift */ = {isa = PBXFileReference; lastKnownFileType = sourcecode.swift; path = SceneDelegate.swift; sourceTree = "<group>"; };
		A001997228C99DB5003F0752 /* Base */ = {isa = PBXFileReference; lastKnownFileType = file.storyboard; name = Base; path = Base.lproj/Main.storyboard; sourceTree = "<group>"; };
		A001997428C99DC0003F0752 /* Assets.xcassets */ = {isa = PBXFileReference; lastKnownFileType = folder.assetcatalog; path = Assets.xcassets; sourceTree = "<group>"; };
		A001997728C99DC0003F0752 /* Base */ = {isa = PBXFileReference; lastKnownFileType = file.storyboard; name = Base; path = Base.lproj/LaunchScreen.storyboard; sourceTree = "<group>"; };
		A001997928C99DC0003F0752 /* Info.plist */ = {isa = PBXFileReference; lastKnownFileType = text.plist.xml; path = Info.plist; sourceTree = "<group>"; };
		A001998228C9A028003F0752 /* MasterViewController.swift */ = {isa = PBXFileReference; lastKnownFileType = sourcecode.swift; path = MasterViewController.swift; sourceTree = "<group>"; };
		A001998628C9A282003F0752 /* DeatilViewController.swift */ = {isa = PBXFileReference; lastKnownFileType = sourcecode.swift; path = DeatilViewController.swift; sourceTree = "<group>"; };
		A001998928C9F2D9003F0752 /* Settings.bundle */ = {isa = PBXFileReference; lastKnownFileType = "wrapper.plug-in"; path = Settings.bundle; sourceTree = "<group>"; };
/* End PBXFileReference section */

/* Begin PBXFrameworksBuildPhase section */
		A001996528C99DB5003F0752 /* Frameworks */ = {
			isa = PBXFrameworksBuildPhase;
			buildActionMask = 2147483647;
			files = (
			);
			runOnlyForDeploymentPostprocessing = 0;
		};
/* End PBXFrameworksBuildPhase section */

/* Begin PBXGroup section */
		A001995F28C99DB5003F0752 = {
			isa = PBXGroup;
			children = (
				A001996A28C99DB5003F0752 /* SplitViewControllerDemo */,
				A001996928C99DB5003F0752 /* Products */,
			);
			sourceTree = "<group>";
		};
		A001996928C99DB5003F0752 /* Products */ = {
			isa = PBXGroup;
			children = (
				A001996828C99DB5003F0752 /* SplitViewControllerDemo.app */,
			);
			name = Products;
			sourceTree = "<group>";
		};
		A001996A28C99DB5003F0752 /* SplitViewControllerDemo */ = {
			isa = PBXGroup;
			children = (
				A001996B28C99DB5003F0752 /* AppDelegate.swift */,
				A001996D28C99DB5003F0752 /* SceneDelegate.swift */,
				A001997128C99DB5003F0752 /* Main.storyboard */,
				A001998928C9F2D9003F0752 /* Settings.bundle */,
				A001998228C9A028003F0752 /* MasterViewController.swift */,
				A001998628C9A282003F0752 /* DeatilViewController.swift */,
				A001997428C99DC0003F0752 /* Assets.xcassets */,
				A001997628C99DC0003F0752 /* LaunchScreen.storyboard */,
				A001997928C99DC0003F0752 /* Info.plist */,
			);
			path = SplitViewControllerDemo;
			sourceTree = "<group>";
		};
/* End PBXGroup section */

/* Begin PBXNativeTarget section */
		A001996728C99DB5003F0752 /* SplitViewControllerDemo */ = {
			isa = PBXNativeTarget;
			buildConfigurationList = A001997C28C99DC0003F0752 /* Build configuration list for PBXNativeTarget "SplitViewControllerDemo" */;
			buildPhases = (
				A001996428C99DB5003F0752 /* Sources */,
				A001996528C99DB5003F0752 /* Frameworks */,
				A001996628C99DB5003F0752 /* Resources */,
			);
			buildRules = (
			);
			dependencies = (
			);
			name = SplitViewControllerDemo;
			productName = SplitViewControllerDemo;
			productReference = A001996828C99DB5003F0752 /* SplitViewControllerDemo.app */;
			productType = "com.apple.product-type.application";
		};
/* End PBXNativeTarget section */

/* Begin PBXProject section */
		A001996028C99DB5003F0752 /* Project object */ = {
			isa = PBXProject;
			attributes = {
				LastSwiftUpdateCheck = 1240;
				LastUpgradeCheck = 1240;
				TargetAttributes = {
					A001996728C99DB5003F0752 = {
						CreatedOnToolsVersion = 12.4;
					};
				};
			};
			buildConfigurationList = A001996328C99DB5003F0752 /* Build configuration list for PBXProject "SplitViewControllerDemo" */;
			compatibilityVersion = "Xcode 9.3";
			developmentRegion = en;
			hasScannedForEncodings = 0;
			knownRegions = (
				en,
				Base,
			);
			mainGroup = A001995F28C99DB5003F0752;
			productRefGroup = A001996928C99DB5003F0752 /* Products */;
			projectDirPath = "";
			projectRoot = "";
			targets = (
				A001996728C99DB5003F0752 /* SplitViewControllerDemo */,
			);
		};
/* End PBXProject section */

/* Begin PBXResourcesBuildPhase section */
		A001996628C99DB5003F0752 /* Resources */ = {
			isa = PBXResourcesBuildPhase;
			buildActionMask = 2147483647;
			files = (
				A001998A28C9F2DA003F0752 /* Settings.bundle in Resources */,
				A001997828C99DC0003F0752 /* LaunchScreen.storyboard in Resources */,
				A001997528C99DC0003F0752 /* Assets.xcassets in Resources */,
				A001997328C99DB5003F0752 /* Main.storyboard in Resources */,
			);
			runOnlyForDeploymentPostprocessing = 0;
		};
/* End PBXResourcesBuildPhase section */

/* Begin PBXSourcesBuildPhase section */
		A001996428C99DB5003F0752 /* Sources */ = {
			isa = PBXSourcesBuildPhase;
			buildActionMask = 2147483647;
			files = (
				A001996C28C99DB5003F0752 /* AppDelegate.swift in Sources */,
				A001998328C9A028003F0752 /* MasterViewController.swift in Sources */,
				A001996E28C99DB5003F0752 /* SceneDelegate.swift in Sources */,
				A001998728C9A282003F0752 /* DeatilViewController.swift in Sources */,
			);
			runOnlyForDeploymentPostprocessing = 0;
		};
/* End PBXSourcesBuildPhase section */

/* Begin PBXVariantGroup section */
		A001997128C99DB5003F0752 /* Main.storyboard */ = {
			isa = PBXVariantGroup;
			children = (
				A001997228C99DB5003F0752 /* Base */,
			);
			name = Main.storyboard;
			sourceTree = "<group>";
		};
		A001997628C99DC0003F0752 /* LaunchScreen.storyboard */ = {
			isa = PBXVariantGroup;
			children = (
				A001997728C99DC0003F0752 /* Base */,
			);
			name = LaunchScreen.storyboard;
			sourceTree = "<group>";
		};
/* End PBXVariantGroup section */

/* Begin XCBuildConfiguration section */
		A001997A28C99DC0003F0752 /* Debug */ = {
			isa = XCBuildConfiguration;
			buildSettings = {
				ALWAYS_SEARCH_USER_PATHS = NO;
				CLANG_ANALYZER_NONNULL = YES;
				CLANG_ANALYZER_NUMBER_OBJECT_CONVERSION = YES_AGGRESSIVE;
				CLANG_CXX_LANGUAGE_STANDARD = "gnu++14";
				CLANG_CXX_LIBRARY = "libc++";
				CLANG_ENABLE_MODULES = YES;
				CLANG_ENABLE_OBJC_ARC = YES;
				CLANG_ENABLE_OBJC_WEAK = YES;
				CLANG_WARN_BLOCK_CAPTURE_AUTORELEASING = YES;
				CLANG_WARN_BOOL_CONVERSION = YES;
				CLANG_WARN_COMMA = YES;
				CLANG_WARN_CONSTANT_CONVERSION = YES;
				CLANG_WARN_DEPRECATED_OBJC_IMPLEMENTATIONS = YES;
				CLANG_WARN_DIRECT_OBJC_ISA_USAGE = YES_ERROR;
				CLANG_WARN_DOCUMENTATION_COMMENTS = YES;
				CLANG_WARN_EMPTY_BODY = YES;
				CLANG_WARN_ENUM_CONVERSION = YES;
				CLANG_WARN_INFINITE_RECURSION = YES;
				CLANG_WARN_INT_CONVERSION = YES;
				CLANG_WARN_NON_LITERAL_NULL_CONVERSION = YES;
				CLANG_WARN_OBJC_IMPLICIT_RETAIN_SELF = YES;
				CLANG_WARN_OBJC_LITERAL_CONVERSION = YES;
				CLANG_WARN_OBJC_ROOT_CLASS = YES_ERROR;
				CLANG_WARN_QUOTED_INCLUDE_IN_FRAMEWORK_HEADER = YES;
				CLANG_WARN_RANGE_LOOP_ANALYSIS = YES;
				CLANG_WARN_STRICT_PROTOTYPES = YES;
				CLANG_WARN_SUSPICIOUS_MOVE = YES;
				CLANG_WARN_UNGUARDED_AVAILABILITY = YES_AGGRESSIVE;
				CLANG_WARN_UNREACHABLE_CODE = YES;
				CLANG_WARN__DUPLICATE_METHOD_MATCH = YES;
				COPY_PHASE_STRIP = NO;
				DEBUG_INFORMATION_FORMAT = dwarf;
				ENABLE_STRICT_OBJC_MSGSEND = YES;
				ENABLE_TESTABILITY = YES;
				GCC_C_LANGUAGE_STANDARD = gnu11;
				GCC_DYNAMIC_NO_PIC = NO;
				GCC_NO_COMMON_BLOCKS = YES;
				GCC_OPTIMIZATION_LEVEL = 0;
				GCC_PREPROCESSOR_DEFINITIONS = (
					"DEBUG=1",
					"$(inherited)",
				);
				GCC_WARN_64_TO_32_BIT_CONVERSION = YES;
				GCC_WARN_ABOUT_RETURN_TYPE = YES_ERROR;
				GCC_WARN_UNDECLARED_SELECTOR = YES;
				GCC_WARN_UNINITIALIZED_AUTOS = YES_AGGRESSIVE;
				GCC_WARN_UNUSED_FUNCTION = YES;
				GCC_WARN_UNUSED_VARIABLE = YES;
				IPHONEOS_DEPLOYMENT_TARGET = 14.4;
				MTL_ENABLE_DEBUG_INFO = INCLUDE_SOURCE;
				MTL_FAST_MATH = YES;
				ONLY_ACTIVE_ARCH = YES;
				SDKROOT = iphoneos;
				SWIFT_ACTIVE_COMPILATION_CONDITIONS = DEBUG;
				SWIFT_OPTIMIZATION_LEVEL = "-Onone";
			};
			name = Debug;
		};
		A001997B28C99DC0003F0752 /* Release */ = {
			isa = XCBuildConfiguration;
			buildSettings = {
				ALWAYS_SEARCH_USER_PATHS = NO;
				CLANG_ANALYZER_NONNULL = YES;
				CLANG_ANALYZER_NUMBER_OBJECT_CONVERSION = YES_AGGRESSIVE;
				CLANG_CXX_LANGUAGE_STANDARD = "gnu++14";
				CLANG_CXX_LIBRARY = "libc++";
				CLANG_ENABLE_MODULES = YES;
				CLANG_ENABLE_OBJC_ARC = YES;
				CLANG_ENABLE_OBJC_WEAK = YES;
				CLANG_WARN_BLOCK_CAPTURE_AUTORELEASING = YES;
				CLANG_WARN_BOOL_CONVERSION = YES;
				CLANG_WARN_COMMA = YES;
				CLANG_WARN_CONSTANT_CONVERSION = YES;
				CLANG_WARN_DEPRECATED_OBJC_IMPLEMENTATIONS = YES;
				CLANG_WARN_DIRECT_OBJC_ISA_USAGE = YES_ERROR;
				CLANG_WARN_DOCUMENTATION_COMMENTS = YES;
				CLANG_WARN_EMPTY_BODY = YES;
				CLANG_WARN_ENUM_CONVERSION = YES;
				CLANG_WARN_INFINITE_RECURSION = YES;
				CLANG_WARN_INT_CONVERSION = YES;
				CLANG_WARN_NON_LITERAL_NULL_CONVERSION = YES;
				CLANG_WARN_OBJC_IMPLICIT_RETAIN_SELF = YES;
				CLANG_WARN_OBJC_LITERAL_CONVERSION = YES;
				CLANG_WARN_OBJC_ROOT_CLASS = YES_ERROR;
				CLANG_WARN_QUOTED_INCLUDE_IN_FRAMEWORK_HEADER = YES;
				CLANG_WARN_RANGE_LOOP_ANALYSIS = YES;
				CLANG_WARN_STRICT_PROTOTYPES = YES;
				CLANG_WARN_SUSPICIOUS_MOVE = YES;
				CLANG_WARN_UNGUARDED_AVAILABILITY = YES_AGGRESSIVE;
				CLANG_WARN_UNREACHABLE_CODE = YES;
				CLANG_WARN__DUPLICATE_METHOD_MATCH = YES;
				COPY_PHASE_STRIP = NO;
				DEBUG_INFORMATION_FORMAT = "dwarf-with-dsym";
				ENABLE_NS_ASSERTIONS = NO;
				ENABLE_STRICT_OBJC_MSGSEND = YES;
				GCC_C_LANGUAGE_STANDARD = gnu11;
				GCC_NO_COMMON_BLOCKS = YES;
				GCC_WARN_64_TO_32_BIT_CONVERSION = YES;
				GCC_WARN_ABOUT_RETURN_TYPE = YES_ERROR;
				GCC_WARN_UNDECLARED_SELECTOR = YES;
				GCC_WARN_UNINITIALIZED_AUTOS = YES_AGGRESSIVE;
				GCC_WARN_UNUSED_FUNCTION = YES;
				GCC_WARN_UNUSED_VARIABLE = YES;
				IPHONEOS_DEPLOYMENT_TARGET = 14.4;
				MTL_ENABLE_DEBUG_INFO = NO;
				MTL_FAST_MATH = YES;
				SDKROOT = iphoneos;
				SWIFT_COMPILATION_MODE = wholemodule;
				SWIFT_OPTIMIZATION_LEVEL = "-O";
				VALIDATE_PRODUCT = YES;
			};
			name = Release;
		};
		A001997D28C99DC0003F0752 /* Debug */ = {
			isa = XCBuildConfiguration;
			buildSettings = {
				ASSETCATALOG_COMPILER_APPICON_NAME = AppIcon;
				ASSETCATALOG_COMPILER_GLOBAL_ACCENT_COLOR_NAME = AccentColor;
				CODE_SIGN_STYLE = Automatic;
				DEVELOPMENT_TEAM = QV8Y2B66E8;
				INFOPLIST_FILE = SplitViewControllerDemo/Info.plist;
				LD_RUNPATH_SEARCH_PATHS = (
					"$(inherited)",
					"@executable_path/Frameworks",
				);
				PRODUCT_BUNDLE_IDENTIFIER = com.boyaa.SplitViewControllerDemo;
				PRODUCT_NAME = "$(TARGET_NAME)";
				SWIFT_VERSION = 5.0;
				TARGETED_DEVICE_FAMILY = "1,2";
			};
			name = Debug;
		};
		A001997E28C99DC0003F0752 /* Release */ = {
			isa = XCBuildConfiguration;
			buildSettings = {
				ASSETCATALOG_COMPILER_APPICON_NAME = AppIcon;
				ASSETCATALOG_COMPILER_GLOBAL_ACCENT_COLOR_NAME = AccentColor;
				CODE_SIGN_STYLE = Automatic;
				DEVELOPMENT_TEAM = QV8Y2B66E8;
				INFOPLIST_FILE = SplitViewControllerDemo/Info.plist;
				LD_RUNPATH_SEARCH_PATHS = (
					"$(inherited)",
					"@executable_path/Frameworks",
				);
				PRODUCT_BUNDLE_IDENTIFIER = com.boyaa.SplitViewControllerDemo;
				PRODUCT_NAME = "$(TARGET_NAME)";
				SWIFT_VERSION = 5.0;
				TARGETED_DEVICE_FAMILY = "1,2";
			};
			name = Release;
		};
/* End XCBuildConfiguration section */

/* Begin XCConfigurationList section */
		A001996328C99DB5003F0752 /* Build configuration list for PBXProject "SplitViewControllerDemo" */ = {
			isa = XCConfigurationList;
			buildConfigurations = (
				A001997A28C99DC0003F0752 /* Debug */,
				A001997B28C99DC0003F0752 /* Release */,
			);
			defaultConfigurationIsVisible = 0;
			defaultConfigurationName = Release;
		};
		A001997C28C99DC0003F0752 /* Build configuration list for PBXNativeTarget "SplitViewControllerDemo" */ = {
			isa = XCConfigurationList;
			buildConfigurations = (
				A001997D28C99DC0003F0752 /* Debug */,
				A001997E28C99DC0003F0752 /* Release */,
			);
			defaultConfigurationIsVisible = 0;
			defaultConfigurationName = Release;
		};
/* End XCConfigurationList section */
	};
	rootObject = A001996028C99DB5003F0752 /* Project object */;
}
